
Microsoft Visual Studio Solution File, Format Version 12.00
Project("{FAE04EC0-301F-11D3-BF4B-00C04F79EFBC}") = "ShoppingCartApp", "ShoppingCartApp\ShoppingCartApp.csproj", "{13CF7DF4-A337-491B-B268-9DBAB8202E3E}"
EndProject
Project("{FAE04EC0-301F-11D3-BF4B-00C04F79EFBC}") = "ShoppingCartTests", "ShoppingCartTests\ShoppingCartTests.csproj", "{9969B0AF-DD72-43B3-96BD-DC94E907FF4F}"
EndProject
Global
	GlobalSection(SolutionConfigurationPlatforms) = preSolution
		Debug|Any CPU = Debug|Any CPU
		Release|Any CPU = Release|Any CPU
	EndGlobalSection
	GlobalSection(ProjectConfigurationPlatforms) = postSolution
		{13CF7DF4-A337-491B-B268-9DBAB8202E3E}.Debug|Any CPU.ActiveCfg = Debug|Any CPU
		{13CF7DF4-A337-491B-B268-9DBAB8202E3E}.Debug|Any CPU.Build.0 = Debug|Any CPU
		{13CF7DF4-A337-491B-B268-9DBAB8202E3E}.Release|Any CPU.ActiveCfg = Release|Any CPU
		{13CF7DF4-A337-491B-B268-9DBAB8202E3E}.Release|Any CPU.Build.0 = Release|Any CPU
		{9969B0AF-DD72-43B3-96BD-DC94E907FF4F}.Debug|Any CPU.ActiveCfg = Debug|Any CPU
		{9969B0AF-DD72-43B3-96BD-DC94E907FF4F}.Debug|Any CPU.Build.0 = Debug|Any CPU
		{9969B0AF-DD72-43B3-96BD-DC94E907FF4F}.Release|Any CPU.ActiveCfg = Release|Any CPU
		{9969B0AF-DD72-43B3-96BD-DC94E907FF4F}.Release|Any CPU.Build.0 = Release|Any CPU
	EndGlobalSection
EndGlobal
